
Microsoft Visual Studio Solution File, Format Version 12.00
# Visual Studio Version 17
VisualStudioVersion = 17.11.35219.272
MinimumVisualStudioVersion = 10.0.40219.1
Project("{FAE04EC0-301F-11D3-BF4B-00C04F79EFBC}") = "thWeb", "thWeb\thWeb.csproj", "{0119FA7C-23BC-4D57-B0EF-7EB69E347FA1}"
EndProject
Global
	GlobalSection(SolutionConfigurationPlatforms) = preSolution
		Debug|Any CPU = Debug|Any CPU
		Release|Any CPU = Release|Any CPU
	EndGlobalSection
	GlobalSection(ProjectConfigurationPlatforms) = postSolution
		{0119FA7C-23BC-4D57-B0EF-7EB69E347FA1}.Debug|Any CPU.ActiveCfg = Debug|Any CPU
		{0119FA7C-23BC-4D57-B0EF-7EB69E347FA1}.Debug|Any CPU.Build.0 = Debug|Any CPU
		{0119FA7C-23BC-4D57-B0EF-7EB69E347FA1}.Release|Any CPU.ActiveCfg = Release|Any CPU
		{0119FA7C-23BC-4D57-B0EF-7EB69E347FA1}.Release|Any CPU.Build.0 = Release|Any CPU
	EndGlobalSection
	GlobalSection(SolutionProperties) = preSolution
		HideSolutionNode = FALSE
	EndGlobalSection
	GlobalSection(ExtensibilityGlobals) = postSolution
		SolutionGuid = {4AB041DB-5268-4B8D-839D-27BDC3CC7B41}
	EndGlobalSection
EndGlobal
